
Microsoft Visual Studio Solution File, Format Version 12.00
# Visual Studio Version 17
VisualStudioVersion = 17.13.35818.85 d17.13
MinimumVisualStudioVersion = 10.0.40219.1
Project("{FAE04EC0-301F-11D3-BF4B-00C04F79EFBC}") = "tpModul5_103022300049", "tpModul5_103022300049.csproj", "{FC3418DE-F302-480F-BEB2-7349247F2D7F}"
EndProject
Project("{2150E333-8FDC-42A3-9474-1A3956D46DE8}") = "Solution Items", "Solution Items", "{8EC462FD-D22E-90A8-E5CE-7E832BA40C5D}"
	ProjectSection(SolutionItems) = preProject
		Halogeneric.cs = Halogeneric.cs
	EndProjectSection
EndProject
Global
	GlobalSection(SolutionConfigurationPlatforms) = preSolution
		Debug|Any CPU = Debug|Any CPU
		Release|Any CPU = Release|Any CPU
	EndGlobalSection
	GlobalSection(ProjectConfigurationPlatforms) = postSolution
		{FC3418DE-F302-480F-BEB2-7349247F2D7F}.Debug|Any CPU.ActiveCfg = Debug|Any CPU
		{FC3418DE-F302-480F-BEB2-7349247F2D7F}.Debug|Any CPU.Build.0 = Debug|Any CPU
		{FC3418DE-F302-480F-BEB2-7349247F2D7F}.Release|Any CPU.ActiveCfg = Release|Any CPU
		{FC3418DE-F302-480F-BEB2-7349247F2D7F}.Release|Any CPU.Build.0 = Release|Any CPU
	EndGlobalSection
	GlobalSection(SolutionProperties) = preSolution
		HideSolutionNode = FALSE
	EndGlobalSection
	GlobalSection(ExtensibilityGlobals) = postSolution
		SolutionGuid = {DB74FDCB-25DE-4FC4-98A3-0F5544DAEEE3}
	EndGlobalSection
EndGlobal
